
Microsoft Visual Studio Solution File, Format Version 11.00
# Visual Studio 2010
Project("{FAE04EC0-301F-11D3-BF4B-00C04F79EFBC}") = "Assembly-CSharp", "Assembly-CSharp.csproj", "{7191d5fd-aca9-f605-a30b-9842b03c7b52}"
EndProject
Project("{FAE04EC0-301F-11D3-BF4B-00C04F79EFBC}") = "Assembly-CSharp-Editor", "Assembly-CSharp-Editor.csproj", "{3ee65efd-c25a-6a26-5c27-bf8695e30b84}"
EndProject
Global
	GlobalSection(SolutionConfigurationPlatforms) = preSolution
		Debug|Any CPU = Debug|Any CPU
	EndGlobalSection
	GlobalSection(ProjectConfigurationPlatforms) = postSolution
		{7191d5fd-aca9-f605-a30b-9842b03c7b52}.Debug|Any CPU.ActiveCfg = Debug|Any CPU
		{7191d5fd-aca9-f605-a30b-9842b03c7b52}.Debug|Any CPU.Build.0 = Debug|Any CPU
		{3ee65efd-c25a-6a26-5c27-bf8695e30b84}.Debug|Any CPU.ActiveCfg = Debug|Any CPU
		{3ee65efd-c25a-6a26-5c27-bf8695e30b84}.Debug|Any CPU.Build.0 = Debug|Any CPU
	EndGlobalSection
	GlobalSection(SolutionProperties) = preSolution
		HideSolutionNode = FALSE
	EndGlobalSection
EndGlobal
